
Microsoft Visual Studio Solution File, Format Version 12.00
# Visual Studio Version 17
VisualStudioVersion = 17.4.33213.308
MinimumVisualStudioVersion = 10.0.40219.1
Project("{FAE04EC0-301F-11D3-BF4B-00C04F79EFBC}") = "ReosCase.Entities", "ReosCase.Entities\ReosCase.Entities.csproj", "{647D9AF8-D663-46C4-83CF-7CDF7B58E5A0}"
EndProject
Project("{FAE04EC0-301F-11D3-BF4B-00C04F79EFBC}") = "ReosCase.DataAccess", "ReosCase.DataAccess\ReosCase.DataAccess.csproj", "{F7C6C272-F953-4997-A368-854FC094E11B}"
EndProject
Project("{FAE04EC0-301F-11D3-BF4B-00C04F79EFBC}") = "ReosCase.Business", "ReosCase.Business\ReosCase.Business.csproj", "{5C488BA3-878B-4A6F-9AAA-5606784F66C2}"
EndProject
Project("{FAE04EC0-301F-11D3-BF4B-00C04F79EFBC}") = "ReossCase.API", "ReossCase.API\ReossCase.API.csproj", "{32ABD198-1E34-4DC3-BB83-544638901E73}"
EndProject
Global
	GlobalSection(SolutionConfigurationPlatforms) = preSolution
		Debug|Any CPU = Debug|Any CPU
		Release|Any CPU = Release|Any CPU
	EndGlobalSection
	GlobalSection(ProjectConfigurationPlatforms) = postSolution
		{647D9AF8-D663-46C4-83CF-7CDF7B58E5A0}.Debug|Any CPU.ActiveCfg = Debug|Any CPU
		{647D9AF8-D663-46C4-83CF-7CDF7B58E5A0}.Debug|Any CPU.Build.0 = Debug|Any CPU
		{647D9AF8-D663-46C4-83CF-7CDF7B58E5A0}.Release|Any CPU.ActiveCfg = Release|Any CPU
		{647D9AF8-D663-46C4-83CF-7CDF7B58E5A0}.Release|Any CPU.Build.0 = Release|Any CPU
		{F7C6C272-F953-4997-A368-854FC094E11B}.Debug|Any CPU.ActiveCfg = Debug|Any CPU
		{F7C6C272-F953-4997-A368-854FC094E11B}.Debug|Any CPU.Build.0 = Debug|Any CPU
		{F7C6C272-F953-4997-A368-854FC094E11B}.Release|Any CPU.ActiveCfg = Release|Any CPU
		{F7C6C272-F953-4997-A368-854FC094E11B}.Release|Any CPU.Build.0 = Release|Any CPU
		{5C488BA3-878B-4A6F-9AAA-5606784F66C2}.Debug|Any CPU.ActiveCfg = Debug|Any CPU
		{5C488BA3-878B-4A6F-9AAA-5606784F66C2}.Debug|Any CPU.Build.0 = Debug|Any CPU
		{5C488BA3-878B-4A6F-9AAA-5606784F66C2}.Release|Any CPU.ActiveCfg = Release|Any CPU
		{5C488BA3-878B-4A6F-9AAA-5606784F66C2}.Release|Any CPU.Build.0 = Release|Any CPU
		{32ABD198-1E34-4DC3-BB83-544638901E73}.Debug|Any CPU.ActiveCfg = Debug|Any CPU
		{32ABD198-1E34-4DC3-BB83-544638901E73}.Debug|Any CPU.Build.0 = Debug|Any CPU
		{32ABD198-1E34-4DC3-BB83-544638901E73}.Release|Any CPU.ActiveCfg = Release|Any CPU
		{32ABD198-1E34-4DC3-BB83-544638901E73}.Release|Any CPU.Build.0 = Release|Any CPU
	EndGlobalSection
	GlobalSection(SolutionProperties) = preSolution
		HideSolutionNode = FALSE
	EndGlobalSection
	GlobalSection(ExtensibilityGlobals) = postSolution
		SolutionGuid = {295D5266-51C7-40BC-BE02-DACD1B9A07D0}
	EndGlobalSection
EndGlobal
